
Microsoft Visual Studio Solution File, Format Version 12.00
# Visual Studio Version 17
VisualStudioVersion = 17.9.34701.34
MinimumVisualStudioVersion = 10.0.40219.1
Project("{FAE04EC0-301F-11D3-BF4B-00C04F79EFBC}") = "Osiansdrystonewalls.com", "Osiansdrystonewalls.com\Osiansdrystonewalls.com.csproj", "{06BD3A03-519E-463D-8C0A-64E939AEB701}"
EndProject
Global
	GlobalSection(SolutionConfigurationPlatforms) = preSolution
		Debug|Any CPU = Debug|Any CPU
		Release|Any CPU = Release|Any CPU
	EndGlobalSection
	GlobalSection(ProjectConfigurationPlatforms) = postSolution
		{06BD3A03-519E-463D-8C0A-64E939AEB701}.Debug|Any CPU.ActiveCfg = Debug|Any CPU
		{06BD3A03-519E-463D-8C0A-64E939AEB701}.Debug|Any CPU.Build.0 = Debug|Any CPU
		{06BD3A03-519E-463D-8C0A-64E939AEB701}.Release|Any CPU.ActiveCfg = Release|Any CPU
		{06BD3A03-519E-463D-8C0A-64E939AEB701}.Release|Any CPU.Build.0 = Release|Any CPU
	EndGlobalSection
	GlobalSection(SolutionProperties) = preSolution
		HideSolutionNode = FALSE
	EndGlobalSection
	GlobalSection(ExtensibilityGlobals) = postSolution
		SolutionGuid = {0286E8B9-6BFB-4BB1-8BBC-1F75737658C6}
	EndGlobalSection
EndGlobal
